
Microsoft Visual Studio Solution File, Format Version 12.00
# Visual Studio 15
VisualStudioVersion = 15.0.28307.329
MinimumVisualStudioVersion = 10.0.40219.1
Project("{FAE04EC0-301F-11D3-BF4B-00C04F79EFBC}") = "CompareTheGame.web", "CompareTheGame.web\CompareTheGame.web.csproj", "{04C76803-1DE8-4536-A1E4-D660D203134F}"
EndProject
Project("{FAE04EC0-301F-11D3-BF4B-00C04F79EFBC}") = "CompareTheGame.dal", "CompareTheGame.dal\CompareTheGame.dal.csproj", "{BBD2D55B-9BC4-435D-8095-AC0F490F07D8}"
EndProject
Global
	GlobalSection(SolutionConfigurationPlatforms) = preSolution
		Debug|Any CPU = Debug|Any CPU
		Release|Any CPU = Release|Any CPU
	EndGlobalSection
	GlobalSection(ProjectConfigurationPlatforms) = postSolution
		{04C76803-1DE8-4536-A1E4-D660D203134F}.Debug|Any CPU.ActiveCfg = Debug|Any CPU
		{04C76803-1DE8-4536-A1E4-D660D203134F}.Debug|Any CPU.Build.0 = Debug|Any CPU
		{04C76803-1DE8-4536-A1E4-D660D203134F}.Release|Any CPU.ActiveCfg = Release|Any CPU
		{04C76803-1DE8-4536-A1E4-D660D203134F}.Release|Any CPU.Build.0 = Release|Any CPU
		{BBD2D55B-9BC4-435D-8095-AC0F490F07D8}.Debug|Any CPU.ActiveCfg = Debug|Any CPU
		{BBD2D55B-9BC4-435D-8095-AC0F490F07D8}.Debug|Any CPU.Build.0 = Debug|Any CPU
		{BBD2D55B-9BC4-435D-8095-AC0F490F07D8}.Release|Any CPU.ActiveCfg = Release|Any CPU
		{BBD2D55B-9BC4-435D-8095-AC0F490F07D8}.Release|Any CPU.Build.0 = Release|Any CPU
	EndGlobalSection
	GlobalSection(SolutionProperties) = preSolution
		HideSolutionNode = FALSE
	EndGlobalSection
	GlobalSection(ExtensibilityGlobals) = postSolution
		SolutionGuid = {3BD009A4-D2FF-44CE-B80B-E7E970FF2A91}
	EndGlobalSection
EndGlobal
